// !$*UTF8*$!
{
	archiveVersion = 1;
	classes = {
	};
	objectVersion = 48;
	objects = {

/* Begin PBXBuildFile section */
		FD4CB3DF1F8EC16B00CC688F /* AppDelegate.swift in Sources */ = {isa = PBXBuildFile; fileRef = FD4CB3DE1F8EC16B00CC688F /* AppDelegate.swift */; };
		FD4CB3E11F8EC16B00CC688F /* ViewController.swift in Sources */ = {isa = PBXBuildFile; fileRef = FD4CB3E01F8EC16B00CC688F /* ViewController.swift */; };
		FD4CB3E41F8EC16B00CC688F /* Main.storyboard in Resources */ = {isa = PBXBuildFile; fileRef = FD4CB3E21F8EC16B00CC688F /* Main.storyboard */; };
		FD4CB3E71F8EC16B00CC688F /* SimpleLogin.xcdatamodeld in Sources */ = {isa = PBXBuildFile; fileRef = FD4CB3E51F8EC16B00CC688F /* SimpleLogin.xcdatamodeld */; };
		FD4CB3E91F8EC16B00CC688F /* Assets.xcassets in Resources */ = {isa = PBXBuildFile; fileRef = FD4CB3E81F8EC16B00CC688F /* Assets.xcassets */; };
		FD4CB3EC1F8EC16B00CC688F /* LaunchScreen.storyboard in Resources */ = {isa = PBXBuildFile; fileRef = FD4CB3EA1F8EC16B00CC688F /* LaunchScreen.storyboard */; };
/* End PBXBuildFile section */

/* Begin PBXFileReference section */
		FD4CB3DB1F8EC16B00CC688F /* SimpleLogin.app */ = {isa = PBXFileReference; explicitFileType = wrapper.application; includeInIndex = 0; path = SimpleLogin.app; sourceTree = BUILT_PRODUCTS_DIR; };
		FD4CB3DE1F8EC16B00CC688F /* AppDelegate.swift */ = {isa = PBXFileReference; lastKnownFileType = sourcecode.swift; path = AppDelegate.swift; sourceTree = "<group>"; };
		FD4CB3E01F8EC16B00CC688F /* ViewController.swift */ = {isa = PBXFileReference; lastKnownFileType = sourcecode.swift; path = ViewController.swift; sourceTree = "<group>"; };
		FD4CB3E31F8EC16B00CC688F /* Base */ = {isa = PBXFileReference; lastKnownFileType = file.storyboard; name = Base; path = Base.lproj/Main.storyboard; sourceTree = "<group>"; };
		FD4CB3E61F8EC16B00CC688F /* SimpleLogin.xcdatamodel */ = {isa = PBXFileReference; lastKnownFileType = wrapper.xcdatamodel; path = SimpleLogin.xcdatamodel; sourceTree = "<group>"; };
		FD4CB3E81F8EC16B00CC688F /* Assets.xcassets */ = {isa = PBXFileReference; lastKnownFileType = folder.assetcatalog; path = Assets.xcassets; sourceTree = "<group>"; };
		FD4CB3EB1F8EC16B00CC688F /* Base */ = {isa = PBXFileReference; lastKnownFileType = file.storyboard; name = Base; path = Base.lproj/LaunchScreen.storyboard; sourceTree = "<group>"; };
		FD4CB3ED1F8EC16B00CC688F /* Info.plist */ = {isa = PBXFileReference; lastKnownFileType = text.plist.xml; path = Info.plist; sourceTree = "<group>"; };
/* End PBXFileReference section */

/* Begin PBXFrameworksBuildPhase section */
		FD4CB3D81F8EC16B00CC688F /* Frameworks */ = {
			isa = PBXFrameworksBuildPhase;
			buildActionMask = 2147483647;
			files = (
			);
			runOnlyForDeploymentPostprocessing = 0;
		};
/* End PBXFrameworksBuildPhase section */

/* Begin PBXGroup section */
		FD4CB3D21F8EC16B00CC688F = {
			isa = PBXGroup;
			children = (
				FD4CB3DD1F8EC16B00CC688F /* SimpleLogin */,
				FD4CB3DC1F8EC16B00CC688F /* Products */,
			);
			sourceTree = "<group>";
		};
		FD4CB3DC1F8EC16B00CC688F /* Products */ = {
			isa = PBXGroup;
			children = (
				FD4CB3DB1F8EC16B00CC688F /* SimpleLogin.app */,
			);
			name = Products;
			sourceTree = "<group>";
		};
		FD4CB3DD1F8EC16B00CC688F /* SimpleLogin */ = {
			isa = PBXGroup;
			children = (
				FD4CB3DE1F8EC16B00CC688F /* AppDelegate.swift */,
				FD4CB3E01F8EC16B00CC688F /* ViewController.swift */,
				FD4CB3E21F8EC16B00CC688F /* Main.storyboard */,
				FD4CB3E81F8EC16B00CC688F /* Assets.xcassets */,
				FD4CB3EA1F8EC16B00CC688F /* LaunchScreen.storyboard */,
				FD4CB3ED1F8EC16B00CC688F /* Info.plist */,
				FD4CB3E51F8EC16B00CC688F /* SimpleLogin.xcdatamodeld */,
			);
			path = SimpleLogin;
			sourceTree = "<group>";
		};
/* End PBXGroup section */

/* Begin PBXNativeTarget section */
		FD4CB3DA1F8EC16B00CC688F /* SimpleLogin */ = {
			isa = PBXNativeTarget;
			buildConfigurationList = FD4CB3F01F8EC16B00CC688F /* Build configuration list for PBXNativeTarget "SimpleLogin" */;
			buildPhases = (
				FD4CB3D71F8EC16B00CC688F /* Sources */,
				FD4CB3D81F8EC16B00CC688F /* Frameworks */,
				FD4CB3D91F8EC16B00CC688F /* Resources */,
			);
			buildRules = (
			);
			dependencies = (
			);
			name = SimpleLogin;
			productName = SimpleLogin;
			productReference = FD4CB3DB1F8EC16B00CC688F /* SimpleLogin.app */;
			productType = "com.apple.product-type.application";
		};
/* End PBXNativeTarget section */

/* Begin PBXProject section */
		FD4CB3D31F8EC16B00CC688F /* Project object */ = {
			isa = PBXProject;
			attributes = {
				LastSwiftUpdateCheck = 0900;
				LastUpgradeCheck = 0900;
				ORGANIZATIONNAME = "Basila Nathan";
				TargetAttributes = {
					FD4CB3DA1F8EC16B00CC688F = {
						CreatedOnToolsVersion = 9.0;
						ProvisioningStyle = Automatic;
					};
				};
			};
			buildConfigurationList = FD4CB3D61F8EC16B00CC688F /* Build configuration list for PBXProject "SimpleLogin" */;
			compatibilityVersion = "Xcode 8.0";
			developmentRegion = en;
			hasScannedForEncodings = 0;
			knownRegions = (
				en,
				Base,
			);
			mainGroup = FD4CB3D21F8EC16B00CC688F;
			productRefGroup = FD4CB3DC1F8EC16B00CC688F /* Products */;
			projectDirPath = "";
			projectRoot = "";
			targets = (
				FD4CB3DA1F8EC16B00CC688F /* SimpleLogin */,
			);
		};
/* End PBXProject section */

/* Begin PBXResourcesBuildPhase section */
		FD4CB3D91F8EC16B00CC688F /* Resources */ = {
			isa = PBXResourcesBuildPhase;
			buildActionMask = 2147483647;
			files = (
				FD4CB3EC1F8EC16B00CC688F /* LaunchScreen.storyboard in Resources */,
				FD4CB3E91F8EC16B00CC688F /* Assets.xcassets in Resources */,
				FD4CB3E41F8EC16B00CC688F /* Main.storyboard in Resources */,
			);
			runOnlyForDeploymentPostprocessing = 0;
		};
/* End PBXResourcesBuildPhase section */

/* Begin PBXSourcesBuildPhase section */
		FD4CB3D71F8EC16B00CC688F /* Sources */ = {
			isa = PBXSourcesBuildPhase;
			buildActionMask = 2147483647;
			files = (
				FD4CB3E11F8EC16B00CC688F /* ViewController.swift in Sources */,
				FD4CB3DF1F8EC16B00CC688F /* AppDelegate.swift in Sources */,
				FD4CB3E71F8EC16B00CC688F /* SimpleLogin.xcdatamodeld in Sources */,
			);
			runOnlyForDeploymentPostprocessing = 0;
		};
/* End PBXSourcesBuildPhase section */

/* Begin PBXVariantGroup section */
		FD4CB3E21F8EC16B00CC688F /* Main.storyboard */ = {
			isa = PBXVariantGroup;
			children = (
				FD4CB3E31F8EC16B00CC688F /* Base */,
			);
			name = Main.storyboard;
			sourceTree = "<group>";
		};
		FD4CB3EA1F8EC16B00CC688F /* LaunchScreen.storyboard */ = {
			isa = PBXVariantGroup;
			children = (
				FD4CB3EB1F8EC16B00CC688F /* Base */,
			);
			name = LaunchScreen.storyboard;
			sourceTree = "<group>";
		};
/* End PBXVariantGroup section */

/* Begin XCBuildConfiguration section */
		FD4CB3EE1F8EC16B00CC688F /* Debug */ = {
			isa = XCBuildConfiguration;
			buildSettings = {
				ALWAYS_SEARCH_USER_PATHS = NO;
				CLANG_ANALYZER_NONNULL = YES;
				CLANG_ANALYZER_NUMBER_OBJECT_CONVERSION = YES_AGGRESSIVE;
				CLANG_CXX_LANGUAGE_STANDARD = "gnu++14";
				CLANG_CXX_LIBRARY = "libc++";
				CLANG_ENABLE_MODULES = YES;
				CLANG_ENABLE_OBJC_ARC = YES;
				CLANG_WARN_BLOCK_CAPTURE_AUTORELEASING = YES;
				CLANG_WARN_BOOL_CONVERSION = YES;
				CLANG_WARN_COMMA = YES;
				CLANG_WARN_CONSTANT_CONVERSION = YES;
				CLANG_WARN_DIRECT_OBJC_ISA_USAGE = YES_ERROR;
				CLANG_WARN_DOCUMENTATION_COMMENTS = YES;
				CLANG_WARN_EMPTY_BODY = YES;
				CLANG_WARN_ENUM_CONVERSION = YES;
				CLANG_WARN_INFINITE_RECURSION = YES;
				CLANG_WARN_INT_CONVERSION = YES;
				CLANG_WARN_NON_LITERAL_NULL_CONVERSION = YES;
				CLANG_WARN_OBJC_LITERAL_CONVERSION = YES;
				CLANG_WARN_OBJC_ROOT_CLASS = YES_ERROR;
				CLANG_WARN_RANGE_LOOP_ANALYSIS = YES;
				CLANG_WARN_STRICT_PROTOTYPES = YES;
				CLANG_WARN_SUSPICIOUS_MOVE = YES;
				CLANG_WARN_UNGUARDED_AVAILABILITY = YES_AGGRESSIVE;
				CLANG_WARN_UNREACHABLE_CODE = YES;
				CLANG_WARN__DUPLICATE_METHOD_MATCH = YES;
				CODE_SIGN_IDENTITY = "iPhone Developer";
				COPY_PHASE_STRIP = NO;
				DEBUG_INFORMATION_FORMAT = dwarf;
				ENABLE_STRICT_OBJC_MSGSEND = YES;
				ENABLE_TESTABILITY = YES;
				GCC_C_LANGUAGE_STANDARD = gnu11;
				GCC_DYNAMIC_NO_PIC = NO;
				GCC_NO_COMMON_BLOCKS = YES;
				GCC_OPTIMIZATION_LEVEL = 0;
				GCC_PREPROCESSOR_DEFINITIONS = (
					"DEBUG=1",
					"$(inherited)",
				);
				GCC_WARN_64_TO_32_BIT_CONVERSION = YES;
				GCC_WARN_ABOUT_RETURN_TYPE = YES_ERROR;
				GCC_WARN_UNDECLARED_SELECTOR = YES;
				GCC_WARN_UNINITIALIZED_AUTOS = YES_AGGRESSIVE;
				GCC_WARN_UNUSED_FUNCTION = YES;
				GCC_WARN_UNUSED_VARIABLE = YES;
				IPHONEOS_DEPLOYMENT_TARGET = 11.0;
				MTL_ENABLE_DEBUG_INFO = YES;
				ONLY_ACTIVE_ARCH = YES;
				SDKROOT = iphoneos;
				SWIFT_ACTIVE_COMPILATION_CONDITIONS = DEBUG;
				SWIFT_OPTIMIZATION_LEVEL = "-Onone";
			};
			name = Debug;
		};
		FD4CB3EF1F8EC16B00CC688F /* Release */ = {
			isa = XCBuildConfiguration;
			buildSettings = {
				ALWAYS_SEARCH_USER_PATHS = NO;
				CLANG_ANALYZER_NONNULL = YES;
				CLANG_ANALYZER_NUMBER_OBJECT_CONVERSION = YES_AGGRESSIVE;
				CLANG_CXX_LANGUAGE_STANDARD = "gnu++14";
				CLANG_CXX_LIBRARY = "libc++";
				CLANG_ENABLE_MODULES = YES;
				CLANG_ENABLE_OBJC_ARC = YES;
				CLANG_WARN_BLOCK_CAPTURE_AUTORELEASING = YES;
				CLANG_WARN_BOOL_CONVERSION = YES;
				CLANG_WARN_COMMA = YES;
				CLANG_WARN_CONSTANT_CONVERSION = YES;
				CLANG_WARN_DIRECT_OBJC_ISA_USAGE = YES_ERROR;
				CLANG_WARN_DOCUMENTATION_COMMENTS = YES;
				CLANG_WARN_EMPTY_BODY = YES;
				CLANG_WARN_ENUM_CONVERSION = YES;
				CLANG_WARN_INFINITE_RECURSION = YES;
				CLANG_WARN_INT_CONVERSION = YES;
				CLANG_WARN_NON_LITERAL_NULL_CONVERSION = YES;
				CLANG_WARN_OBJC_LITERAL_CONVERSION = YES;
				CLANG_WARN_OBJC_ROOT_CLASS = YES_ERROR;
				CLANG_WARN_RANGE_LOOP_ANALYSIS = YES;
				CLANG_WARN_STRICT_PROTOTYPES = YES;
				CLANG_WARN_SUSPICIOUS_MOVE = YES;
				CLANG_WARN_UNGUARDED_AVAILABILITY = YES_AGGRESSIVE;
				CLANG_WARN_UNREACHABLE_CODE = YES;
				CLANG_WARN__DUPLICATE_METHOD_MATCH = YES;
				CODE_SIGN_IDENTITY = "iPhone Developer";
				COPY_PHASE_STRIP = NO;
				DEBUG_INFORMATION_FORMAT = "dwarf-with-dsym";
				ENABLE_NS_ASSERTIONS = NO;
				ENABLE_STRICT_OBJC_MSGSEND = YES;
				GCC_C_LANGUAGE_STANDARD = gnu11;
				GCC_NO_COMMON_BLOCKS = YES;
				GCC_WARN_64_TO_32_BIT_CONVERSION = YES;
				GCC_WARN_ABOUT_RETURN_TYPE = YES_ERROR;
				GCC_WARN_UNDECLARED_SELECTOR = YES;
				GCC_WARN_UNINITIALIZED_AUTOS = YES_AGGRESSIVE;
				GCC_WARN_UNUSED_FUNCTION = YES;
				GCC_WARN_UNUSED_VARIABLE = YES;
				IPHONEOS_DEPLOYMENT_TARGET = 11.0;
				MTL_ENABLE_DEBUG_INFO = NO;
				SDKROOT = iphoneos;
				SWIFT_OPTIMIZATION_LEVEL = "-Owholemodule";
				VALIDATE_PRODUCT = YES;
			};
			name = Release;
		};
		FD4CB3F11F8EC16B00CC688F /* Debug */ = {
			isa = XCBuildConfiguration;
			buildSettings = {
				ASSETCATALOG_COMPILER_APPICON_NAME = AppIcon;
				CODE_SIGN_STYLE = Automatic;
				INFOPLIST_FILE = SimpleLogin/Info.plist;
				LD_RUNPATH_SEARCH_PATHS = "$(inherited) @executable_path/Frameworks";
				PRODUCT_BUNDLE_IDENTIFIER = Basila.SimpleLogin;
				PRODUCT_NAME = "$(TARGET_NAME)";
				SWIFT_VERSION = 4.0;
				TARGETED_DEVICE_FAMILY = "1,2";
			};
			name = Debug;
		};
		FD4CB3F21F8EC16B00CC688F /* Release */ = {
			isa = XCBuildConfiguration;
			buildSettings = {
				ASSETCATALOG_COMPILER_APPICON_NAME = AppIcon;
				CODE_SIGN_STYLE = Automatic;
				INFOPLIST_FILE = SimpleLogin/Info.plist;
				LD_RUNPATH_SEARCH_PATHS = "$(inherited) @executable_path/Frameworks";
				PRODUCT_BUNDLE_IDENTIFIER = Basila.SimpleLogin;
				PRODUCT_NAME = "$(TARGET_NAME)";
				SWIFT_VERSION = 4.0;
				TARGETED_DEVICE_FAMILY = "1,2";
			};
			name = Release;
		};
/* End XCBuildConfiguration section */

/* Begin XCConfigurationList section */
		FD4CB3D61F8EC16B00CC688F /* Build configuration list for PBXProject "SimpleLogin" */ = {
			isa = XCConfigurationList;
			buildConfigurations = (
				FD4CB3EE1F8EC16B00CC688F /* Debug */,
				FD4CB3EF1F8EC16B00CC688F /* Release */,
			);
			defaultConfigurationIsVisible = 0;
			defaultConfigurationName = Release;
		};
		FD4CB3F01F8EC16B00CC688F /* Build configuration list for PBXNativeTarget "SimpleLogin" */ = {
			isa = XCConfigurationList;
			buildConfigurations = (
				FD4CB3F11F8EC16B00CC688F /* Debug */,
				FD4CB3F21F8EC16B00CC688F /* Release */,
			);
			defaultConfigurationIsVisible = 0;
			defaultConfigurationName = Release;
		};
/* End XCConfigurationList section */

/* Begin XCVersionGroup section */
		FD4CB3E51F8EC16B00CC688F /* SimpleLogin.xcdatamodeld */ = {
			isa = XCVersionGroup;
			children = (
				FD4CB3E61F8EC16B00CC688F /* SimpleLogin.xcdatamodel */,
			);
			currentVersion = FD4CB3E61F8EC16B00CC688F /* SimpleLogin.xcdatamodel */;
			path = SimpleLogin.xcdatamodeld;
			sourceTree = "<group>";
			versionGroupType = wrapper.xcdatamodel;
		};
/* End XCVersionGroup section */
	};
	rootObject = FD4CB3D31F8EC16B00CC688F /* Project object */;
}
