// !$*UTF8*$!
{
	archiveVersion = 1;
	classes = {
	};
	objectVersion = 46;
	objects = {

/* Begin PBXBuildFile section */
		FD255B0D1F0B34D0002241EE /* AppDelegate.swift in Sources */ = {isa = PBXBuildFile; fileRef = FD255B0C1F0B34D0002241EE /* AppDelegate.swift */; };
		FD255B0F1F0B34D0002241EE /* ViewController.swift in Sources */ = {isa = PBXBuildFile; fileRef = FD255B0E1F0B34D0002241EE /* ViewController.swift */; };
		FD255B121F0B34D0002241EE /* Main.storyboard in Resources */ = {isa = PBXBuildFile; fileRef = FD255B101F0B34D0002241EE /* Main.storyboard */; };
		FD255B141F0B34D0002241EE /* Assets.xcassets in Resources */ = {isa = PBXBuildFile; fileRef = FD255B131F0B34D0002241EE /* Assets.xcassets */; };
		FD255B171F0B34D0002241EE /* LaunchScreen.storyboard in Resources */ = {isa = PBXBuildFile; fileRef = FD255B151F0B34D0002241EE /* LaunchScreen.storyboard */; };
		FD255B201F0B34E5002241EE /* CoreLocation.framework in Frameworks */ = {isa = PBXBuildFile; fileRef = FD255B1F1F0B34E5002241EE /* CoreLocation.framework */; };
/* End PBXBuildFile section */

/* Begin PBXFileReference section */
		FD255B091F0B34D0002241EE /* WhereAreYou?.app */ = {isa = PBXFileReference; explicitFileType = wrapper.application; includeInIndex = 0; path = "WhereAreYou?.app"; sourceTree = BUILT_PRODUCTS_DIR; };
		FD255B0C1F0B34D0002241EE /* AppDelegate.swift */ = {isa = PBXFileReference; lastKnownFileType = sourcecode.swift; path = AppDelegate.swift; sourceTree = "<group>"; };
		FD255B0E1F0B34D0002241EE /* ViewController.swift */ = {isa = PBXFileReference; lastKnownFileType = sourcecode.swift; path = ViewController.swift; sourceTree = "<group>"; };
		FD255B111F0B34D0002241EE /* Base */ = {isa = PBXFileReference; lastKnownFileType = file.storyboard; name = Base; path = Base.lproj/Main.storyboard; sourceTree = "<group>"; };
		FD255B131F0B34D0002241EE /* Assets.xcassets */ = {isa = PBXFileReference; lastKnownFileType = folder.assetcatalog; path = Assets.xcassets; sourceTree = "<group>"; };
		FD255B161F0B34D0002241EE /* Base */ = {isa = PBXFileReference; lastKnownFileType = file.storyboard; name = Base; path = Base.lproj/LaunchScreen.storyboard; sourceTree = "<group>"; };
		FD255B181F0B34D0002241EE /* Info.plist */ = {isa = PBXFileReference; lastKnownFileType = text.plist.xml; path = Info.plist; sourceTree = "<group>"; };
		FD255B1F1F0B34E5002241EE /* CoreLocation.framework */ = {isa = PBXFileReference; lastKnownFileType = wrapper.framework; name = CoreLocation.framework; path = System/Library/Frameworks/CoreLocation.framework; sourceTree = SDKROOT; };
/* End PBXFileReference section */

/* Begin PBXFrameworksBuildPhase section */
		FD255B061F0B34D0002241EE /* Frameworks */ = {
			isa = PBXFrameworksBuildPhase;
			buildActionMask = 2147483647;
			files = (
				FD255B201F0B34E5002241EE /* CoreLocation.framework in Frameworks */,
			);
			runOnlyForDeploymentPostprocessing = 0;
		};
/* End PBXFrameworksBuildPhase section */

/* Begin PBXGroup section */
		FD255B001F0B34D0002241EE = {
			isa = PBXGroup;
			children = (
				FD255B0B1F0B34D0002241EE /* WhereAreYou? */,
				FD255B0A1F0B34D0002241EE /* Products */,
				FD255B1E1F0B34E5002241EE /* Frameworks */,
			);
			sourceTree = "<group>";
		};
		FD255B0A1F0B34D0002241EE /* Products */ = {
			isa = PBXGroup;
			children = (
				FD255B091F0B34D0002241EE /* WhereAreYou?.app */,
			);
			name = Products;
			sourceTree = "<group>";
		};
		FD255B0B1F0B34D0002241EE /* WhereAreYou? */ = {
			isa = PBXGroup;
			children = (
				FD255B0C1F0B34D0002241EE /* AppDelegate.swift */,
				FD255B0E1F0B34D0002241EE /* ViewController.swift */,
				FD255B101F0B34D0002241EE /* Main.storyboard */,
				FD255B131F0B34D0002241EE /* Assets.xcassets */,
				FD255B151F0B34D0002241EE /* LaunchScreen.storyboard */,
				FD255B181F0B34D0002241EE /* Info.plist */,
			);
			path = "WhereAreYou?";
			sourceTree = "<group>";
		};
		FD255B1E1F0B34E5002241EE /* Frameworks */ = {
			isa = PBXGroup;
			children = (
				FD255B1F1F0B34E5002241EE /* CoreLocation.framework */,
			);
			name = Frameworks;
			sourceTree = "<group>";
		};
/* End PBXGroup section */

/* Begin PBXNativeTarget section */
		FD255B081F0B34D0002241EE /* WhereAreYou? */ = {
			isa = PBXNativeTarget;
			buildConfigurationList = FD255B1B1F0B34D0002241EE /* Build configuration list for PBXNativeTarget "WhereAreYou?" */;
			buildPhases = (
				FD255B051F0B34D0002241EE /* Sources */,
				FD255B061F0B34D0002241EE /* Frameworks */,
				FD255B071F0B34D0002241EE /* Resources */,
			);
			buildRules = (
			);
			dependencies = (
			);
			name = "WhereAreYou?";
			productName = "WhereAreYou?";
			productReference = FD255B091F0B34D0002241EE /* WhereAreYou?.app */;
			productType = "com.apple.product-type.application";
		};
/* End PBXNativeTarget section */

/* Begin PBXProject section */
		FD255B011F0B34D0002241EE /* Project object */ = {
			isa = PBXProject;
			attributes = {
				LastSwiftUpdateCheck = 0830;
				LastUpgradeCheck = 0830;
				ORGANIZATIONNAME = "Basila Nathan";
				TargetAttributes = {
					FD255B081F0B34D0002241EE = {
						CreatedOnToolsVersion = 8.3.3;
						ProvisioningStyle = Automatic;
					};
				};
			};
			buildConfigurationList = FD255B041F0B34D0002241EE /* Build configuration list for PBXProject "WhereAreYou?" */;
			compatibilityVersion = "Xcode 3.2";
			developmentRegion = English;
			hasScannedForEncodings = 0;
			knownRegions = (
				en,
				Base,
			);
			mainGroup = FD255B001F0B34D0002241EE;
			productRefGroup = FD255B0A1F0B34D0002241EE /* Products */;
			projectDirPath = "";
			projectRoot = "";
			targets = (
				FD255B081F0B34D0002241EE /* WhereAreYou? */,
			);
		};
/* End PBXProject section */

/* Begin PBXResourcesBuildPhase section */
		FD255B071F0B34D0002241EE /* Resources */ = {
			isa = PBXResourcesBuildPhase;
			buildActionMask = 2147483647;
			files = (
				FD255B171F0B34D0002241EE /* LaunchScreen.storyboard in Resources */,
				FD255B141F0B34D0002241EE /* Assets.xcassets in Resources */,
				FD255B121F0B34D0002241EE /* Main.storyboard in Resources */,
			);
			runOnlyForDeploymentPostprocessing = 0;
		};
/* End PBXResourcesBuildPhase section */

/* Begin PBXSourcesBuildPhase section */
		FD255B051F0B34D0002241EE /* Sources */ = {
			isa = PBXSourcesBuildPhase;
			buildActionMask = 2147483647;
			files = (
				FD255B0F1F0B34D0002241EE /* ViewController.swift in Sources */,
				FD255B0D1F0B34D0002241EE /* AppDelegate.swift in Sources */,
			);
			runOnlyForDeploymentPostprocessing = 0;
		};
/* End PBXSourcesBuildPhase section */

/* Begin PBXVariantGroup section */
		FD255B101F0B34D0002241EE /* Main.storyboard */ = {
			isa = PBXVariantGroup;
			children = (
				FD255B111F0B34D0002241EE /* Base */,
			);
			name = Main.storyboard;
			sourceTree = "<group>";
		};
		FD255B151F0B34D0002241EE /* LaunchScreen.storyboard */ = {
			isa = PBXVariantGroup;
			children = (
				FD255B161F0B34D0002241EE /* Base */,
			);
			name = LaunchScreen.storyboard;
			sourceTree = "<group>";
		};
/* End PBXVariantGroup section */

/* Begin XCBuildConfiguration section */
		FD255B191F0B34D0002241EE /* Debug */ = {
			isa = XCBuildConfiguration;
			buildSettings = {
				ALWAYS_SEARCH_USER_PATHS = NO;
				CLANG_ANALYZER_NONNULL = YES;
				CLANG_ANALYZER_NUMBER_OBJECT_CONVERSION = YES_AGGRESSIVE;
				CLANG_CXX_LANGUAGE_STANDARD = "gnu++0x";
				CLANG_CXX_LIBRARY = "libc++";
				CLANG_ENABLE_MODULES = YES;
				CLANG_ENABLE_OBJC_ARC = YES;
				CLANG_WARN_BOOL_CONVERSION = YES;
				CLANG_WARN_CONSTANT_CONVERSION = YES;
				CLANG_WARN_DIRECT_OBJC_ISA_USAGE = YES_ERROR;
				CLANG_WARN_DOCUMENTATION_COMMENTS = YES;
				CLANG_WARN_EMPTY_BODY = YES;
				CLANG_WARN_ENUM_CONVERSION = YES;
				CLANG_WARN_INFINITE_RECURSION = YES;
				CLANG_WARN_INT_CONVERSION = YES;
				CLANG_WARN_OBJC_ROOT_CLASS = YES_ERROR;
				CLANG_WARN_SUSPICIOUS_MOVE = YES;
				CLANG_WARN_UNREACHABLE_CODE = YES;
				CLANG_WARN__DUPLICATE_METHOD_MATCH = YES;
				"CODE_SIGN_IDENTITY[sdk=iphoneos*]" = "iPhone Developer";
				COPY_PHASE_STRIP = NO;
				DEBUG_INFORMATION_FORMAT = dwarf;
				ENABLE_STRICT_OBJC_MSGSEND = YES;
				ENABLE_TESTABILITY = YES;
				GCC_C_LANGUAGE_STANDARD = gnu99;
				GCC_DYNAMIC_NO_PIC = NO;
				GCC_NO_COMMON_BLOCKS = YES;
				GCC_OPTIMIZATION_LEVEL = 0;
				GCC_PREPROCESSOR_DEFINITIONS = (
					"DEBUG=1",
					"$(inherited)",
				);
				GCC_WARN_64_TO_32_BIT_CONVERSION = YES;
				GCC_WARN_ABOUT_RETURN_TYPE = YES_ERROR;
				GCC_WARN_UNDECLARED_SELECTOR = YES;
				GCC_WARN_UNINITIALIZED_AUTOS = YES_AGGRESSIVE;
				GCC_WARN_UNUSED_FUNCTION = YES;
				GCC_WARN_UNUSED_VARIABLE = YES;
				IPHONEOS_DEPLOYMENT_TARGET = 10.3;
				MTL_ENABLE_DEBUG_INFO = YES;
				ONLY_ACTIVE_ARCH = YES;
				SDKROOT = iphoneos;
				SWIFT_ACTIVE_COMPILATION_CONDITIONS = DEBUG;
				SWIFT_OPTIMIZATION_LEVEL = "-Onone";
			};
			name = Debug;
		};
		FD255B1A1F0B34D0002241EE /* Release */ = {
			isa = XCBuildConfiguration;
			buildSettings = {
				ALWAYS_SEARCH_USER_PATHS = NO;
				CLANG_ANALYZER_NONNULL = YES;
				CLANG_ANALYZER_NUMBER_OBJECT_CONVERSION = YES_AGGRESSIVE;
				CLANG_CXX_LANGUAGE_STANDARD = "gnu++0x";
				CLANG_CXX_LIBRARY = "libc++";
				CLANG_ENABLE_MODULES = YES;
				CLANG_ENABLE_OBJC_ARC = YES;
				CLANG_WARN_BOOL_CONVERSION = YES;
				CLANG_WARN_CONSTANT_CONVERSION = YES;
				CLANG_WARN_DIRECT_OBJC_ISA_USAGE = YES_ERROR;
				CLANG_WARN_DOCUMENTATION_COMMENTS = YES;
				CLANG_WARN_EMPTY_BODY = YES;
				CLANG_WARN_ENUM_CONVERSION = YES;
				CLANG_WARN_INFINITE_RECURSION = YES;
				CLANG_WARN_INT_CONVERSION = YES;
				CLANG_WARN_OBJC_ROOT_CLASS = YES_ERROR;
				CLANG_WARN_SUSPICIOUS_MOVE = YES;
				CLANG_WARN_UNREACHABLE_CODE = YES;
				CLANG_WARN__DUPLICATE_METHOD_MATCH = YES;
				"CODE_SIGN_IDENTITY[sdk=iphoneos*]" = "iPhone Developer";
				COPY_PHASE_STRIP = NO;
				DEBUG_INFORMATION_FORMAT = "dwarf-with-dsym";
				ENABLE_NS_ASSERTIONS = NO;
				ENABLE_STRICT_OBJC_MSGSEND = YES;
				GCC_C_LANGUAGE_STANDARD = gnu99;
				GCC_NO_COMMON_BLOCKS = YES;
				GCC_WARN_64_TO_32_BIT_CONVERSION = YES;
				GCC_WARN_ABOUT_RETURN_TYPE = YES_ERROR;
				GCC_WARN_UNDECLARED_SELECTOR = YES;
				GCC_WARN_UNINITIALIZED_AUTOS = YES_AGGRESSIVE;
				GCC_WARN_UNUSED_FUNCTION = YES;
				GCC_WARN_UNUSED_VARIABLE = YES;
				IPHONEOS_DEPLOYMENT_TARGET = 10.3;
				MTL_ENABLE_DEBUG_INFO = NO;
				SDKROOT = iphoneos;
				SWIFT_OPTIMIZATION_LEVEL = "-Owholemodule";
				VALIDATE_PRODUCT = YES;
			};
			name = Release;
		};
		FD255B1C1F0B34D0002241EE /* Debug */ = {
			isa = XCBuildConfiguration;
			buildSettings = {
				ASSETCATALOG_COMPILER_APPICON_NAME = AppIcon;
				INFOPLIST_FILE = "WhereAreYou?/Info.plist";
				LD_RUNPATH_SEARCH_PATHS = "$(inherited) @executable_path/Frameworks";
				PRODUCT_BUNDLE_IDENTIFIER = "Basila.WhereAreYou-";
				PRODUCT_NAME = "$(TARGET_NAME)";
				SWIFT_VERSION = 3.0;
			};
			name = Debug;
		};
		FD255B1D1F0B34D0002241EE /* Release */ = {
			isa = XCBuildConfiguration;
			buildSettings = {
				ASSETCATALOG_COMPILER_APPICON_NAME = AppIcon;
				INFOPLIST_FILE = "WhereAreYou?/Info.plist";
				LD_RUNPATH_SEARCH_PATHS = "$(inherited) @executable_path/Frameworks";
				PRODUCT_BUNDLE_IDENTIFIER = "Basila.WhereAreYou-";
				PRODUCT_NAME = "$(TARGET_NAME)";
				SWIFT_VERSION = 3.0;
			};
			name = Release;
		};
/* End XCBuildConfiguration section */

/* Begin XCConfigurationList section */
		FD255B041F0B34D0002241EE /* Build configuration list for PBXProject "WhereAreYou?" */ = {
			isa = XCConfigurationList;
			buildConfigurations = (
				FD255B191F0B34D0002241EE /* Debug */,
				FD255B1A1F0B34D0002241EE /* Release */,
			);
			defaultConfigurationIsVisible = 0;
			defaultConfigurationName = Release;
		};
		FD255B1B1F0B34D0002241EE /* Build configuration list for PBXNativeTarget "WhereAreYou?" */ = {
			isa = XCConfigurationList;
			buildConfigurations = (
				FD255B1C1F0B34D0002241EE /* Debug */,
				FD255B1D1F0B34D0002241EE /* Release */,
			);
			defaultConfigurationIsVisible = 0;
		};
/* End XCConfigurationList section */
	};
	rootObject = FD255B011F0B34D0002241EE /* Project object */;
}
